// !$*UTF8*$!
{
	archiveVersion = 1;
	classes = {
	};
	objectVersion = 55;
	objects = {

/* Begin PBXBuildFile section */
		7B3C55BB2827ED7800868FAF /* RecipeTabView.swift in Sources */ = {isa = PBXBuildFile; fileRef = 7B3C55BA2827ED7800868FAF /* RecipeTabView.swift */; };
		7B51D1BD28278C76005D26FE /* Recipe_List_App.swift in Sources */ = {isa = PBXBuildFile; fileRef = 7B51D1BC28278C76005D26FE /* Recipe_List_App.swift */; };
		7B51D1BF28278C76005D26FE /* RecipeListView.swift in Sources */ = {isa = PBXBuildFile; fileRef = 7B51D1BE28278C76005D26FE /* RecipeListView.swift */; };
		7B51D1C128278C78005D26FE /* Assets.xcassets in Resources */ = {isa = PBXBuildFile; fileRef = 7B51D1C028278C78005D26FE /* Assets.xcassets */; };
		7B51D1C428278C78005D26FE /* Preview Assets.xcassets in Resources */ = {isa = PBXBuildFile; fileRef = 7B51D1C328278C78005D26FE /* Preview Assets.xcassets */; };
		7B51D1D028278D3E005D26FE /* recipes.json in Resources */ = {isa = PBXBuildFile; fileRef = 7B51D1CF28278D3E005D26FE /* recipes.json */; };
		7B51D1D228278D85005D26FE /* Recipe.swift in Sources */ = {isa = PBXBuildFile; fileRef = 7B51D1D128278D85005D26FE /* Recipe.swift */; };
		7B51D1D428278E90005D26FE /* RecipeModel.swift in Sources */ = {isa = PBXBuildFile; fileRef = 7B51D1D328278E90005D26FE /* RecipeModel.swift */; };
		7B51D1D628278FC0005D26FE /* DataService.swift in Sources */ = {isa = PBXBuildFile; fileRef = 7B51D1D528278FC0005D26FE /* DataService.swift */; };
		7B51D1D82827A07C005D26FE /* RecipeDetailView.swift in Sources */ = {isa = PBXBuildFile; fileRef = 7B51D1D72827A07C005D26FE /* RecipeDetailView.swift */; };
		7B755A942828DCBA005D32C0 /* RecipeFeaturedView.swift in Sources */ = {isa = PBXBuildFile; fileRef = 7B755A932828DCBA005D32C0 /* RecipeFeaturedView.swift */; };
/* End PBXBuildFile section */

/* Begin PBXFileReference section */
		7B3C55BA2827ED7800868FAF /* RecipeTabView.swift */ = {isa = PBXFileReference; lastKnownFileType = sourcecode.swift; path = RecipeTabView.swift; sourceTree = "<group>"; };
		7B51D1B928278C76005D26FE /* Recipe.app */ = {isa = PBXFileReference; explicitFileType = wrapper.application; includeInIndex = 0; path = Recipe.app; sourceTree = BUILT_PRODUCTS_DIR; };
		7B51D1BC28278C76005D26FE /* Recipe_List_App.swift */ = {isa = PBXFileReference; lastKnownFileType = sourcecode.swift; path = Recipe_List_App.swift; sourceTree = "<group>"; };
		7B51D1BE28278C76005D26FE /* RecipeListView.swift */ = {isa = PBXFileReference; lastKnownFileType = sourcecode.swift; path = RecipeListView.swift; sourceTree = "<group>"; };
		7B51D1C028278C78005D26FE /* Assets.xcassets */ = {isa = PBXFileReference; lastKnownFileType = folder.assetcatalog; path = Assets.xcassets; sourceTree = "<group>"; };
		7B51D1C328278C78005D26FE /* Preview Assets.xcassets */ = {isa = PBXFileReference; lastKnownFileType = folder.assetcatalog; path = "Preview Assets.xcassets"; sourceTree = "<group>"; };
		7B51D1CF28278D3E005D26FE /* recipes.json */ = {isa = PBXFileReference; fileEncoding = 4; lastKnownFileType = text.json; path = recipes.json; sourceTree = "<group>"; };
		7B51D1D128278D85005D26FE /* Recipe.swift */ = {isa = PBXFileReference; lastKnownFileType = sourcecode.swift; path = Recipe.swift; sourceTree = "<group>"; };
		7B51D1D328278E90005D26FE /* RecipeModel.swift */ = {isa = PBXFileReference; lastKnownFileType = sourcecode.swift; path = RecipeModel.swift; sourceTree = "<group>"; };
		7B51D1D528278FC0005D26FE /* DataService.swift */ = {isa = PBXFileReference; lastKnownFileType = sourcecode.swift; path = DataService.swift; sourceTree = "<group>"; };
		7B51D1D72827A07C005D26FE /* RecipeDetailView.swift */ = {isa = PBXFileReference; lastKnownFileType = sourcecode.swift; path = RecipeDetailView.swift; sourceTree = "<group>"; };
		7B755A932828DCBA005D32C0 /* RecipeFeaturedView.swift */ = {isa = PBXFileReference; lastKnownFileType = sourcecode.swift; path = RecipeFeaturedView.swift; sourceTree = "<group>"; };
/* End PBXFileReference section */

/* Begin PBXFrameworksBuildPhase section */
		7B51D1B628278C76005D26FE /* Frameworks */ = {
			isa = PBXFrameworksBuildPhase;
			buildActionMask = 2147483647;
			files = (
			);
			runOnlyForDeploymentPostprocessing = 0;
		};
/* End PBXFrameworksBuildPhase section */

/* Begin PBXGroup section */
		7B51D1B028278C76005D26FE = {
			isa = PBXGroup;
			children = (
				7B51D1BB28278C76005D26FE /* Recipe */,
				7B51D1BA28278C76005D26FE /* Products */,
			);
			sourceTree = "<group>";
		};
		7B51D1BA28278C76005D26FE /* Products */ = {
			isa = PBXGroup;
			children = (
				7B51D1B928278C76005D26FE /* Recipe.app */,
			);
			name = Products;
			sourceTree = "<group>";
		};
		7B51D1BB28278C76005D26FE /* Recipe */ = {
			isa = PBXGroup;
			children = (
				7B51D1BC28278C76005D26FE /* Recipe_List_App.swift */,
				7B51D1CA28278CA5005D26FE /* Views */,
				7B51D1CB28278CAD005D26FE /* ViewModels */,
				7B51D1CC28278CB3005D26FE /* Models */,
				7B51D1CE28278CBE005D26FE /* Services */,
				7B51D1CD28278CBA005D26FE /* Data */,
				7B51D1C028278C78005D26FE /* Assets.xcassets */,
				7B51D1C228278C78005D26FE /* Preview Content */,
			);
			path = Recipe;
			sourceTree = "<group>";
		};
		7B51D1C228278C78005D26FE /* Preview Content */ = {
			isa = PBXGroup;
			children = (
				7B51D1C328278C78005D26FE /* Preview Assets.xcassets */,
			);
			path = "Preview Content";
			sourceTree = "<group>";
		};
		7B51D1CA28278CA5005D26FE /* Views */ = {
			isa = PBXGroup;
			children = (
				7B3C55BA2827ED7800868FAF /* RecipeTabView.swift */,
				7B755A932828DCBA005D32C0 /* RecipeFeaturedView.swift */,
				7B51D1BE28278C76005D26FE /* RecipeListView.swift */,
				7B51D1D72827A07C005D26FE /* RecipeDetailView.swift */,
			);
			path = Views;
			sourceTree = "<group>";
		};
		7B51D1CB28278CAD005D26FE /* ViewModels */ = {
			isa = PBXGroup;
			children = (
				7B51D1D328278E90005D26FE /* RecipeModel.swift */,
			);
			path = ViewModels;
			sourceTree = "<group>";
		};
		7B51D1CC28278CB3005D26FE /* Models */ = {
			isa = PBXGroup;
			children = (
				7B51D1D128278D85005D26FE /* Recipe.swift */,
			);
			path = Models;
			sourceTree = "<group>";
		};
		7B51D1CD28278CBA005D26FE /* Data */ = {
			isa = PBXGroup;
			children = (
				7B51D1CF28278D3E005D26FE /* recipes.json */,
			);
			path = Data;
			sourceTree = "<group>";
		};
		7B51D1CE28278CBE005D26FE /* Services */ = {
			isa = PBXGroup;
			children = (
				7B51D1D528278FC0005D26FE /* DataService.swift */,
			);
			path = Services;
			sourceTree = "<group>";
		};
/* End PBXGroup section */

/* Begin PBXNativeTarget section */
		7B51D1B828278C76005D26FE /* Recipe */ = {
			isa = PBXNativeTarget;
			buildConfigurationList = 7B51D1C728278C78005D26FE /* Build configuration list for PBXNativeTarget "Recipe" */;
			buildPhases = (
				7B51D1B528278C76005D26FE /* Sources */,
				7B51D1B628278C76005D26FE /* Frameworks */,
				7B51D1B728278C76005D26FE /* Resources */,
			);
			buildRules = (
			);
			dependencies = (
			);
			name = Recipe;
			productName = "Recipe List";
			productReference = 7B51D1B928278C76005D26FE /* Recipe.app */;
			productType = "com.apple.product-type.application";
		};
/* End PBXNativeTarget section */

/* Begin PBXProject section */
		7B51D1B128278C76005D26FE /* Project object */ = {
			isa = PBXProject;
			attributes = {
				BuildIndependentTargetsInParallel = 1;
				LastSwiftUpdateCheck = 1330;
				LastUpgradeCheck = 1330;
				TargetAttributes = {
					7B51D1B828278C76005D26FE = {
						CreatedOnToolsVersion = 13.3.1;
					};
				};
			};
			buildConfigurationList = 7B51D1B428278C76005D26FE /* Build configuration list for PBXProject "Recipe" */;
			compatibilityVersion = "Xcode 13.0";
			developmentRegion = en;
			hasScannedForEncodings = 0;
			knownRegions = (
				en,
				Base,
			);
			mainGroup = 7B51D1B028278C76005D26FE;
			productRefGroup = 7B51D1BA28278C76005D26FE /* Products */;
			projectDirPath = "";
			projectRoot = "";
			targets = (
				7B51D1B828278C76005D26FE /* Recipe */,
			);
		};
/* End PBXProject section */

/* Begin PBXResourcesBuildPhase section */
		7B51D1B728278C76005D26FE /* Resources */ = {
			isa = PBXResourcesBuildPhase;
			buildActionMask = 2147483647;
			files = (
				7B51D1C428278C78005D26FE /* Preview Assets.xcassets in Resources */,
				7B51D1D028278D3E005D26FE /* recipes.json in Resources */,
				7B51D1C128278C78005D26FE /* Assets.xcassets in Resources */,
			);
			runOnlyForDeploymentPostprocessing = 0;
		};
/* End PBXResourcesBuildPhase section */

/* Begin PBXSourcesBuildPhase section */
		7B51D1B528278C76005D26FE /* Sources */ = {
			isa = PBXSourcesBuildPhase;
			buildActionMask = 2147483647;
			files = (
				7B51D1D228278D85005D26FE /* Recipe.swift in Sources */,
				7B51D1D82827A07C005D26FE /* RecipeDetailView.swift in Sources */,
				7B51D1D428278E90005D26FE /* RecipeModel.swift in Sources */,
				7B51D1BF28278C76005D26FE /* RecipeListView.swift in Sources */,
				7B51D1BD28278C76005D26FE /* Recipe_List_App.swift in Sources */,
				7B51D1D628278FC0005D26FE /* DataService.swift in Sources */,
				7B755A942828DCBA005D32C0 /* RecipeFeaturedView.swift in Sources */,
				7B3C55BB2827ED7800868FAF /* RecipeTabView.swift in Sources */,
			);
			runOnlyForDeploymentPostprocessing = 0;
		};
/* End PBXSourcesBuildPhase section */

/* Begin XCBuildConfiguration section */
		7B51D1C528278C78005D26FE /* Debug */ = {
			isa = XCBuildConfiguration;
			buildSettings = {
				ALWAYS_SEARCH_USER_PATHS = NO;
				CLANG_ANALYZER_NONNULL = YES;
				CLANG_ANALYZER_NUMBER_OBJECT_CONVERSION = YES_AGGRESSIVE;
				CLANG_CXX_LANGUAGE_STANDARD = "gnu++17";
				CLANG_ENABLE_MODULES = YES;
				CLANG_ENABLE_OBJC_ARC = YES;
				CLANG_ENABLE_OBJC_WEAK = YES;
				CLANG_WARN_BLOCK_CAPTURE_AUTORELEASING = YES;
				CLANG_WARN_BOOL_CONVERSION = YES;
				CLANG_WARN_COMMA = YES;
				CLANG_WARN_CONSTANT_CONVERSION = YES;
				CLANG_WARN_DEPRECATED_OBJC_IMPLEMENTATIONS = YES;
				CLANG_WARN_DIRECT_OBJC_ISA_USAGE = YES_ERROR;
				CLANG_WARN_DOCUMENTATION_COMMENTS = YES;
				CLANG_WARN_EMPTY_BODY = YES;
				CLANG_WARN_ENUM_CONVERSION = YES;
				CLANG_WARN_INFINITE_RECURSION = YES;
				CLANG_WARN_INT_CONVERSION = YES;
				CLANG_WARN_NON_LITERAL_NULL_CONVERSION = YES;
				CLANG_WARN_OBJC_IMPLICIT_RETAIN_SELF = YES;
				CLANG_WARN_OBJC_LITERAL_CONVERSION = YES;
				CLANG_WARN_OBJC_ROOT_CLASS = YES_ERROR;
				CLANG_WARN_QUOTED_INCLUDE_IN_FRAMEWORK_HEADER = YES;
				CLANG_WARN_RANGE_LOOP_ANALYSIS = YES;
				CLANG_WARN_STRICT_PROTOTYPES = YES;
				CLANG_WARN_SUSPICIOUS_MOVE = YES;
				CLANG_WARN_UNGUARDED_AVAILABILITY = YES_AGGRESSIVE;
				CLANG_WARN_UNREACHABLE_CODE = YES;
				CLANG_WARN__DUPLICATE_METHOD_MATCH = YES;
				COPY_PHASE_STRIP = NO;
				DEBUG_INFORMATION_FORMAT = dwarf;
				ENABLE_STRICT_OBJC_MSGSEND = YES;
				ENABLE_TESTABILITY = YES;
				GCC_C_LANGUAGE_STANDARD = gnu11;
				GCC_DYNAMIC_NO_PIC = NO;
				GCC_NO_COMMON_BLOCKS = YES;
				GCC_OPTIMIZATION_LEVEL = 0;
				GCC_PREPROCESSOR_DEFINITIONS = (
					"DEBUG=1",
					"$(inherited)",
				);
				GCC_WARN_64_TO_32_BIT_CONVERSION = YES;
				GCC_WARN_ABOUT_RETURN_TYPE = YES_ERROR;
				GCC_WARN_UNDECLARED_SELECTOR = YES;
				GCC_WARN_UNINITIALIZED_AUTOS = YES_AGGRESSIVE;
				GCC_WARN_UNUSED_FUNCTION = YES;
				GCC_WARN_UNUSED_VARIABLE = YES;
				IPHONEOS_DEPLOYMENT_TARGET = 15.4;
				MTL_ENABLE_DEBUG_INFO = INCLUDE_SOURCE;
				MTL_FAST_MATH = YES;
				ONLY_ACTIVE_ARCH = YES;
				SDKROOT = iphoneos;
				SWIFT_ACTIVE_COMPILATION_CONDITIONS = DEBUG;
				SWIFT_OPTIMIZATION_LEVEL = "-Onone";
			};
			name = Debug;
		};
		7B51D1C628278C78005D26FE /* Release */ = {
			isa = XCBuildConfiguration;
			buildSettings = {
				ALWAYS_SEARCH_USER_PATHS = NO;
				CLANG_ANALYZER_NONNULL = YES;
				CLANG_ANALYZER_NUMBER_OBJECT_CONVERSION = YES_AGGRESSIVE;
				CLANG_CXX_LANGUAGE_STANDARD = "gnu++17";
				CLANG_ENABLE_MODULES = YES;
				CLANG_ENABLE_OBJC_ARC = YES;
				CLANG_ENABLE_OBJC_WEAK = YES;
				CLANG_WARN_BLOCK_CAPTURE_AUTORELEASING = YES;
				CLANG_WARN_BOOL_CONVERSION = YES;
				CLANG_WARN_COMMA = YES;
				CLANG_WARN_CONSTANT_CONVERSION = YES;
				CLANG_WARN_DEPRECATED_OBJC_IMPLEMENTATIONS = YES;
				CLANG_WARN_DIRECT_OBJC_ISA_USAGE = YES_ERROR;
				CLANG_WARN_DOCUMENTATION_COMMENTS = YES;
				CLANG_WARN_EMPTY_BODY = YES;
				CLANG_WARN_ENUM_CONVERSION = YES;
				CLANG_WARN_INFINITE_RECURSION = YES;
				CLANG_WARN_INT_CONVERSION = YES;
				CLANG_WARN_NON_LITERAL_NULL_CONVERSION = YES;
				CLANG_WARN_OBJC_IMPLICIT_RETAIN_SELF = YES;
				CLANG_WARN_OBJC_LITERAL_CONVERSION = YES;
				CLANG_WARN_OBJC_ROOT_CLASS = YES_ERROR;
				CLANG_WARN_QUOTED_INCLUDE_IN_FRAMEWORK_HEADER = YES;
				CLANG_WARN_RANGE_LOOP_ANALYSIS = YES;
				CLANG_WARN_STRICT_PROTOTYPES = YES;
				CLANG_WARN_SUSPICIOUS_MOVE = YES;
				CLANG_WARN_UNGUARDED_AVAILABILITY = YES_AGGRESSIVE;
				CLANG_WARN_UNREACHABLE_CODE = YES;
				CLANG_WARN__DUPLICATE_METHOD_MATCH = YES;
				COPY_PHASE_STRIP = NO;
				DEBUG_INFORMATION_FORMAT = "dwarf-with-dsym";
				ENABLE_NS_ASSERTIONS = NO;
				ENABLE_STRICT_OBJC_MSGSEND = YES;
				GCC_C_LANGUAGE_STANDARD = gnu11;
				GCC_NO_COMMON_BLOCKS = YES;
				GCC_WARN_64_TO_32_BIT_CONVERSION = YES;
				GCC_WARN_ABOUT_RETURN_TYPE = YES_ERROR;
				GCC_WARN_UNDECLARED_SELECTOR = YES;
				GCC_WARN_UNINITIALIZED_AUTOS = YES_AGGRESSIVE;
				GCC_WARN_UNUSED_FUNCTION = YES;
				GCC_WARN_UNUSED_VARIABLE = YES;
				IPHONEOS_DEPLOYMENT_TARGET = 15.4;
				MTL_ENABLE_DEBUG_INFO = NO;
				MTL_FAST_MATH = YES;
				SDKROOT = iphoneos;
				SWIFT_COMPILATION_MODE = wholemodule;
				SWIFT_OPTIMIZATION_LEVEL = "-O";
				VALIDATE_PRODUCT = YES;
			};
			name = Release;
		};
		7B51D1C828278C78005D26FE /* Debug */ = {
			isa = XCBuildConfiguration;
			buildSettings = {
				ASSETCATALOG_COMPILER_APPICON_NAME = AppIcon;
				ASSETCATALOG_COMPILER_GLOBAL_ACCENT_COLOR_NAME = AccentColor;
				CODE_SIGN_STYLE = Automatic;
				CURRENT_PROJECT_VERSION = 1;
				DEVELOPMENT_ASSET_PATHS = "\"Recipe/Preview Content\"";
				DEVELOPMENT_TEAM = K9M6C75JFU;
				ENABLE_PREVIEWS = YES;
				GENERATE_INFOPLIST_FILE = YES;
				INFOPLIST_KEY_UIApplicationSceneManifest_Generation = YES;
				INFOPLIST_KEY_UIApplicationSupportsIndirectInputEvents = YES;
				INFOPLIST_KEY_UILaunchScreen_Generation = YES;
				INFOPLIST_KEY_UISupportedInterfaceOrientations_iPad = "UIInterfaceOrientationPortrait UIInterfaceOrientationPortraitUpsideDown UIInterfaceOrientationLandscapeLeft UIInterfaceOrientationLandscapeRight";
				INFOPLIST_KEY_UISupportedInterfaceOrientations_iPhone = "UIInterfaceOrientationPortrait UIInterfaceOrientationLandscapeLeft UIInterfaceOrientationLandscapeRight";
				LD_RUNPATH_SEARCH_PATHS = (
					"$(inherited)",
					"@executable_path/Frameworks",
				);
				MARKETING_VERSION = 1.0;
				PRODUCT_BUNDLE_IDENTIFIER = com.stem.Recipe;
				PRODUCT_NAME = Recipe;
				SWIFT_EMIT_LOC_STRINGS = YES;
				SWIFT_VERSION = 5.0;
				TARGETED_DEVICE_FAMILY = "1,2";
			};
			name = Debug;
		};
		7B51D1C928278C78005D26FE /* Release */ = {
			isa = XCBuildConfiguration;
			buildSettings = {
				ASSETCATALOG_COMPILER_APPICON_NAME = AppIcon;
				ASSETCATALOG_COMPILER_GLOBAL_ACCENT_COLOR_NAME = AccentColor;
				CODE_SIGN_STYLE = Automatic;
				CURRENT_PROJECT_VERSION = 1;
				DEVELOPMENT_ASSET_PATHS = "\"Recipe/Preview Content\"";
				DEVELOPMENT_TEAM = K9M6C75JFU;
				ENABLE_PREVIEWS = YES;
				GENERATE_INFOPLIST_FILE = YES;
				INFOPLIST_KEY_UIApplicationSceneManifest_Generation = YES;
				INFOPLIST_KEY_UIApplicationSupportsIndirectInputEvents = YES;
				INFOPLIST_KEY_UILaunchScreen_Generation = YES;
				INFOPLIST_KEY_UISupportedInterfaceOrientations_iPad = "UIInterfaceOrientationPortrait UIInterfaceOrientationPortraitUpsideDown UIInterfaceOrientationLandscapeLeft UIInterfaceOrientationLandscapeRight";
				INFOPLIST_KEY_UISupportedInterfaceOrientations_iPhone = "UIInterfaceOrientationPortrait UIInterfaceOrientationLandscapeLeft UIInterfaceOrientationLandscapeRight";
				LD_RUNPATH_SEARCH_PATHS = (
					"$(inherited)",
					"@executable_path/Frameworks",
				);
				MARKETING_VERSION = 1.0;
				PRODUCT_BUNDLE_IDENTIFIER = com.stem.Recipe;
				PRODUCT_NAME = Recipe;
				SWIFT_EMIT_LOC_STRINGS = YES;
				SWIFT_VERSION = 5.0;
				TARGETED_DEVICE_FAMILY = "1,2";
			};
			name = Release;
		};
/* End XCBuildConfiguration section */

/* Begin XCConfigurationList section */
		7B51D1B428278C76005D26FE /* Build configuration list for PBXProject "Recipe" */ = {
			isa = XCConfigurationList;
			buildConfigurations = (
				7B51D1C528278C78005D26FE /* Debug */,
				7B51D1C628278C78005D26FE /* Release */,
			);
			defaultConfigurationIsVisible = 0;
			defaultConfigurationName = Release;
		};
		7B51D1C728278C78005D26FE /* Build configuration list for PBXNativeTarget "Recipe" */ = {
			isa = XCConfigurationList;
			buildConfigurations = (
				7B51D1C828278C78005D26FE /* Debug */,
				7B51D1C928278C78005D26FE /* Release */,
			);
			defaultConfigurationIsVisible = 0;
			defaultConfigurationName = Release;
		};
/* End XCConfigurationList section */
	};
	rootObject = 7B51D1B128278C76005D26FE /* Project object */;
}
